# This file is generated by running "yarn install" inside your project.
# Manual changes might be lost - proceed with caution!

__metadata:
  version: 6
  cacheKey: 8

"@babel/helper-string-parser@npm:^7.22.5":
  version: 7.22.5
  resolution: "@babel/helper-string-parser@npm:7.22.5"
  checksum: 836851ca5ec813077bbb303acc992d75a360267aa3b5de7134d220411c852a6f17de7c0d0b8c8dcc0f567f67874c00f4528672b2a4f1bc978a3ada64c8c78467
  languageName: node
  linkType: hard

"@babel/helper-validator-identifier@npm:^7.22.5":
  version: 7.22.5
  resolution: "@babel/helper-validator-identifier@npm:7.22.5"
  checksum: 7f0f30113474a28298c12161763b49de5018732290ca4de13cdaefd4fd0d635a6fe3f6686c37a02905fb1e64f21a5ee2b55140cf7b070e729f1bd66866506aea
  languageName: node
  linkType: hard

"@babel/parser@npm:^7.6.0, @babel/parser@npm:^7.9.6":
  version: 7.22.7
  resolution: "@babel/parser@npm:7.22.7"
  bin:
    parser: ./bin/babel-parser.js
  checksum: 02209ddbd445831ee8bf966fdf7c29d189ed4b14343a68eb2479d940e7e3846340d7cc6bd654a5f3d87d19dc84f49f50a58cf9363bee249dc5409ff3ba3dab54
  languageName: node
  linkType: hard

"@babel/types@npm:^7.6.1, @babel/types@npm:^7.8.3, @babel/types@npm:^7.9.6":
  version: 7.22.5
  resolution: "@babel/types@npm:7.22.5"
  dependencies:
    "@babel/helper-string-parser": ^7.22.5
    "@babel/helper-validator-identifier": ^7.22.5
    to-fast-properties: ^2.0.0
  checksum: c13a9c1dc7d2d1a241a2f8363540cb9af1d66e978e8984b400a20c4f38ba38ca29f06e26a0f2d49a70bad9e57615dac09c35accfddf1bb90d23cd3e0a0bab892
  languageName: node
  linkType: hard

"acorn@npm:^7.1.1":
  version: 7.4.1
  resolution: "acorn@npm:7.4.1"
  bin:
    acorn: bin/acorn
  checksum: 1860f23c2107c910c6177b7b7be71be350db9e1080d814493fae143ae37605189504152d1ba8743ba3178d0b37269ce1ffc42b101547fdc1827078f82671e407
  languageName: node
  linkType: hard

"asap@npm:~2.0.3":
  version: 2.0.6
  resolution: "asap@npm:2.0.6"
  checksum: b296c92c4b969e973260e47523207cd5769abd27c245a68c26dc7a0fe8053c55bb04360237cb51cab1df52be939da77150ace99ad331fb7fb13b3423ed73ff3d
  languageName: node
  linkType: hard

"assert-never@npm:^1.2.1":
  version: 1.2.1
  resolution: "assert-never@npm:1.2.1"
  checksum: ea4f1756d90f55254c4dc7a20d6c5d5bc169160562aefe3d8756b598c10e695daf568f21b6d6b12245d7f3782d3ff83ef6a01ab75d487adfc6909470a813bf8c
  languageName: node
  linkType: hard

"babel-walk@npm:3.0.0-canary-5":
  version: 3.0.0-canary-5
  resolution: "babel-walk@npm:3.0.0-canary-5"
  dependencies:
    "@babel/types": ^7.9.6
  checksum: 6fe7ee3889343a6602f665c28ea135956a0767d7f7ca5fc1d72c5243e2f6e9d8a64f51254bf2fd0cce47b79fceeccf7a357f37cfa755a509dfb930a21151837c
  languageName: node
  linkType: hard

"call-bind@npm:^1.0.2":
  version: 1.0.2
  resolution: "call-bind@npm:1.0.2"
  dependencies:
    function-bind: ^1.1.1
    get-intrinsic: ^1.0.2
  checksum: f8e31de9d19988a4b80f3e704788c4a2d6b6f3d17cfec4f57dc29ced450c53a49270dc66bf0fbd693329ee948dd33e6c90a329519aef17474a4d961e8d6426b0
  languageName: node
  linkType: hard

"character-parser@npm:^2.2.0":
  version: 2.2.0
  resolution: "character-parser@npm:2.2.0"
  dependencies:
    is-regex: ^1.0.3
  checksum: 71826fae509d4dc3ef07c2e824da9c8853f910ba0d8fe699edaab263051fd3b8db77bb96e46ed896bb36ed1d86108e6d6ceedff436bec7786ba7f0b585a0bc93
  languageName: node
  linkType: hard

"chessboard@workspace:.":
  version: 0.0.0-use.local
  resolution: "chessboard@workspace:."
  dependencies:
    pug: ^3.0.2
  languageName: unknown
  linkType: soft

"constantinople@npm:^4.0.1":
  version: 4.0.1
  resolution: "constantinople@npm:4.0.1"
  dependencies:
    "@babel/parser": ^7.6.0
    "@babel/types": ^7.6.1
  checksum: 8f70f16ddf97cdc263ca16b398bc52470c25e2ec5ed27bc015f251b849597223ce3a123e6924f43efddeb75422c1f55b7e56e0e2e594e4dd2964bfc9392b9b82
  languageName: node
  linkType: hard

"doctypes@npm:^1.1.0":
  version: 1.1.0
  resolution: "doctypes@npm:1.1.0"
  checksum: 6e6c2d1a80f2072dc4831994c914c44455e341c5ab18c16797368a0afd59d7c22f3335805ba2c1dd2931e9539d1ba8b613b7650dc63f6ab56b77b8d888055de8
  languageName: node
  linkType: hard

"function-bind@npm:^1.1.1":
  version: 1.1.1
  resolution: "function-bind@npm:1.1.1"
  checksum: b32fbaebb3f8ec4969f033073b43f5c8befbb58f1a79e12f1d7490358150359ebd92f49e72ff0144f65f2c48ea2a605bff2d07965f548f6474fd8efd95bf361a
  languageName: node
  linkType: hard

"get-intrinsic@npm:^1.0.2":
  version: 1.2.1
  resolution: "get-intrinsic@npm:1.2.1"
  dependencies:
    function-bind: ^1.1.1
    has: ^1.0.3
    has-proto: ^1.0.1
    has-symbols: ^1.0.3
  checksum: 5b61d88552c24b0cf6fa2d1b3bc5459d7306f699de060d76442cce49a4721f52b8c560a33ab392cf5575b7810277d54ded9d4d39a1ea61855619ebc005aa7e5f
  languageName: node
  linkType: hard

"has-proto@npm:^1.0.1":
  version: 1.0.1
  resolution: "has-proto@npm:1.0.1"
  checksum: febc5b5b531de8022806ad7407935e2135f1cc9e64636c3916c6842bd7995994ca3b29871ecd7954bd35f9e2986c17b3b227880484d22259e2f8e6ce63fd383e
  languageName: node
  linkType: hard

"has-symbols@npm:^1.0.2, has-symbols@npm:^1.0.3":
  version: 1.0.3
  resolution: "has-symbols@npm:1.0.3"
  checksum: a054c40c631c0d5741a8285010a0777ea0c068f99ed43e5d6eb12972da223f8af553a455132fdb0801bdcfa0e0f443c0c03a68d8555aa529b3144b446c3f2410
  languageName: node
  linkType: hard

"has-tostringtag@npm:^1.0.0":
  version: 1.0.0
  resolution: "has-tostringtag@npm:1.0.0"
  dependencies:
    has-symbols: ^1.0.2
  checksum: cc12eb28cb6ae22369ebaad3a8ab0799ed61270991be88f208d508076a1e99abe4198c965935ce85ea90b60c94ddda73693b0920b58e7ead048b4a391b502c1c
  languageName: node
  linkType: hard

"has@npm:^1.0.3":
  version: 1.0.3
  resolution: "has@npm:1.0.3"
  dependencies:
    function-bind: ^1.1.1
  checksum: b9ad53d53be4af90ce5d1c38331e712522417d017d5ef1ebd0507e07c2fbad8686fffb8e12ddecd4c39ca9b9b47431afbb975b8abf7f3c3b82c98e9aad052792
  languageName: node
  linkType: hard

"is-core-module@npm:^2.12.0":
  version: 2.12.1
  resolution: "is-core-module@npm:2.12.1"
  dependencies:
    has: ^1.0.3
  checksum: f04ea30533b5e62764e7b2e049d3157dc0abd95ef44275b32489ea2081176ac9746ffb1cdb107445cf1ff0e0dfcad522726ca27c27ece64dadf3795428b8e468
  languageName: node
  linkType: hard

"is-expression@npm:^4.0.0":
  version: 4.0.0
  resolution: "is-expression@npm:4.0.0"
  dependencies:
    acorn: ^7.1.1
    object-assign: ^4.1.1
  checksum: 0f01d0ff53fbbec36abae8fbb7ef056c6d024f7128646856a3e6c500b205788d3e0f337025e72df979d7d7cf4674a00370633d7f8974c668b2d3fdb7e8a83bdb
  languageName: node
  linkType: hard

"is-promise@npm:^2.0.0":
  version: 2.2.2
  resolution: "is-promise@npm:2.2.2"
  checksum: 18bf7d1c59953e0ad82a1ed963fb3dc0d135c8f299a14f89a17af312fc918373136e56028e8831700e1933519630cc2fd4179a777030330fde20d34e96f40c78
  languageName: node
  linkType: hard

"is-regex@npm:^1.0.3":
  version: 1.1.4
  resolution: "is-regex@npm:1.1.4"
  dependencies:
    call-bind: ^1.0.2
    has-tostringtag: ^1.0.0
  checksum: 362399b33535bc8f386d96c45c9feb04cf7f8b41c182f54174c1a45c9abbbe5e31290bbad09a458583ff6bf3b2048672cdb1881b13289569a7c548370856a652
  languageName: node
  linkType: hard

"js-stringify@npm:^1.0.2":
  version: 1.0.2
  resolution: "js-stringify@npm:1.0.2"
  checksum: f9701d9e535d3ac0f62bbf2624b76c5d0af5b889187232817ae284a41ba21fd7a8b464c2dce3815d8cf52c8bea3480be6b368cfc2c67da799cad458058e8bbf5
  languageName: node
  linkType: hard

"jstransformer@npm:1.0.0":
  version: 1.0.0
  resolution: "jstransformer@npm:1.0.0"
  dependencies:
    is-promise: ^2.0.0
    promise: ^7.0.1
  checksum: 1e019fde17a38766a5b96bccf0738156badc60cfa61e2ba8a8bbd3b855e7d5d7e17492b8a66e4aaabc39483e335d23217343ae32d0f7e5a81af42a95c3e075f9
  languageName: node
  linkType: hard

"object-assign@npm:^4.1.1":
  version: 4.1.1
  resolution: "object-assign@npm:4.1.1"
  checksum: fcc6e4ea8c7fe48abfbb552578b1c53e0d194086e2e6bbbf59e0a536381a292f39943c6e9628af05b5528aa5e3318bb30d6b2e53cadaf5b8fe9e12c4b69af23f
  languageName: node
  linkType: hard

"path-parse@npm:^1.0.7":
  version: 1.0.7
  resolution: "path-parse@npm:1.0.7"
  checksum: 49abf3d81115642938a8700ec580da6e830dde670be21893c62f4e10bd7dd4c3742ddc603fe24f898cba7eb0c6bc1777f8d9ac14185d34540c6d4d80cd9cae8a
  languageName: node
  linkType: hard

"promise@npm:^7.0.1":
  version: 7.3.1
  resolution: "promise@npm:7.3.1"
  dependencies:
    asap: ~2.0.3
  checksum: 475bb069130179fbd27ed2ab45f26d8862376a137a57314cf53310bdd85cc986a826fd585829be97ebc0aaf10e9d8e68be1bfe5a4a0364144b1f9eedfa940cf1
  languageName: node
  linkType: hard

"pug-attrs@npm:^3.0.0":
  version: 3.0.0
  resolution: "pug-attrs@npm:3.0.0"
  dependencies:
    constantinople: ^4.0.1
    js-stringify: ^1.0.2
    pug-runtime: ^3.0.0
  checksum: 2ca2d34de3065239f01f0fc3c0e104c17f7a7105684d088bb71df623005a45f40a2301e65f49ec4581bb31794c74e691862643d4e34062d1509e92fa56a15aa5
  languageName: node
  linkType: hard

"pug-code-gen@npm:^3.0.2":
  version: 3.0.2
  resolution: "pug-code-gen@npm:3.0.2"
  dependencies:
    constantinople: ^4.0.1
    doctypes: ^1.1.0
    js-stringify: ^1.0.2
    pug-attrs: ^3.0.0
    pug-error: ^2.0.0
    pug-runtime: ^3.0.0
    void-elements: ^3.1.0
    with: ^7.0.0
  checksum: 1644d3a4d673392794248749eb146299704639a8197746454b7d03b240b83ee102f25b76d203381501e283be3927ab01eb3f4563ff51c45a478de1f3435a400d
  languageName: node
  linkType: hard

"pug-error@npm:^2.0.0":
  version: 2.0.0
  resolution: "pug-error@npm:2.0.0"
  checksum: c5372d018c897c1d6a141dd803c50957feecfda1f3d84a6adc6149801315d6c7f8c28b05f3e186d98d774fc9718699d1e1caa675630dd3c4453f8c5ec4e4a986
  languageName: node
  linkType: hard

"pug-filters@npm:^4.0.0":
  version: 4.0.0
  resolution: "pug-filters@npm:4.0.0"
  dependencies:
    constantinople: ^4.0.1
    jstransformer: 1.0.0
    pug-error: ^2.0.0
    pug-walk: ^2.0.0
    resolve: ^1.15.1
  checksum: 44eb3273195e3f42f034ad81109452236377780557eaf5a28db6e478f297675e19b8598cca9de65a0ba9c1d57e2ca2a93e332f0ab4be79dc5dd042375228cdff
  languageName: node
  linkType: hard

"pug-lexer@npm:^5.0.1":
  version: 5.0.1
  resolution: "pug-lexer@npm:5.0.1"
  dependencies:
    character-parser: ^2.2.0
    is-expression: ^4.0.0
    pug-error: ^2.0.0
  checksum: afdd2f43f2c3ba96001a7b734c0c3bc745eb5d7dd68c787c2690c606d34573ca46ba807e4b4c7e70db9b4556fb938625dbb9c25b79cdb8857868e6deb2574d3e
  languageName: node
  linkType: hard

"pug-linker@npm:^4.0.0":
  version: 4.0.0
  resolution: "pug-linker@npm:4.0.0"
  dependencies:
    pug-error: ^2.0.0
    pug-walk: ^2.0.0
  checksum: 7433aa65181cd5b7bc631ab5f14baae7496fd8da98608cbd55bbea9bc72fe69a863e72026781a9fe76ab429d7037465b942145455420ee1178e2875ec87a1e12
  languageName: node
  linkType: hard

"pug-load@npm:^3.0.0":
  version: 3.0.0
  resolution: "pug-load@npm:3.0.0"
  dependencies:
    object-assign: ^4.1.1
    pug-walk: ^2.0.0
  checksum: 1800ec51994c92338401bcf79bbfa0d5ef9aa312bc415c2618263d6c04d1d7c5be5ac4a333c47a0eaa823f6231b4ade1a1c40f5784b99eb576d25853597bff2f
  languageName: node
  linkType: hard

"pug-parser@npm:^6.0.0":
  version: 6.0.0
  resolution: "pug-parser@npm:6.0.0"
  dependencies:
    pug-error: ^2.0.0
    token-stream: 1.0.0
  checksum: a6954d1383601233ec9d58e8fb22339f4809cf938272db16c551d8574566f388af3bf5560ec95ad5e23902bc358e6fa857409e840de4ed1ff5120a1dd6892cca
  languageName: node
  linkType: hard

"pug-runtime@npm:^3.0.0, pug-runtime@npm:^3.0.1":
  version: 3.0.1
  resolution: "pug-runtime@npm:3.0.1"
  checksum: 48a71b587caa08a5bccf9c1164206a34067edc1d13c2164bebad2dc562b529317578f889a0c41f0e16ddab3853c599696ff29a085f2d4554b783228f0002c41b
  languageName: node
  linkType: hard

"pug-strip-comments@npm:^2.0.0":
  version: 2.0.0
  resolution: "pug-strip-comments@npm:2.0.0"
  dependencies:
    pug-error: ^2.0.0
  checksum: 2cfcbf506c14bb3e64204a1d93f12ca61658d2540475b0f0911c35531ad28421e8d1e73a646d841d58cfa2c20f8593c52e492dfe5b6bec968e20b614e4dea1e4
  languageName: node
  linkType: hard

"pug-walk@npm:^2.0.0":
  version: 2.0.0
  resolution: "pug-walk@npm:2.0.0"
  checksum: bee64e133b711e1ed58022c0869b59e62f9f3ebb7084293857f074120b3cb588e7b8f74c4566426bf2b26dc1ec176ca6b64a2d1e53782f3fbbe039c5d4816638
  languageName: node
  linkType: hard

"pug@npm:^3.0.2":
  version: 3.0.2
  resolution: "pug@npm:3.0.2"
  dependencies:
    pug-code-gen: ^3.0.2
    pug-filters: ^4.0.0
    pug-lexer: ^5.0.1
    pug-linker: ^4.0.0
    pug-load: ^3.0.0
    pug-parser: ^6.0.0
    pug-runtime: ^3.0.1
    pug-strip-comments: ^2.0.0
  checksum: 3e1a3d48897c0c7dedd4f959ce8afaf6417a63756b149e1b5382bef16de5792ec7c7ae6a7d41641059cb149520f20b0d1ecf57014c0661526e96f0bad88541e5
  languageName: node
  linkType: hard

"resolve@npm:^1.15.1":
  version: 1.22.3
  resolution: "resolve@npm:1.22.3"
  dependencies:
    is-core-module: ^2.12.0
    path-parse: ^1.0.7
    supports-preserve-symlinks-flag: ^1.0.0
  bin:
    resolve: bin/resolve
  checksum: fb834b81348428cb545ff1b828a72ea28feb5a97c026a1cf40aa1008352c72811ff4d4e71f2035273dc536dcfcae20c13604ba6283c612d70fa0b6e44519c374
  languageName: node
  linkType: hard

"resolve@patch:resolve@^1.15.1#~builtin<compat/resolve>":
  version: 1.22.3
  resolution: "resolve@patch:resolve@npm%3A1.22.3#~builtin<compat/resolve>::version=1.22.3&hash=c3c19d"
  dependencies:
    is-core-module: ^2.12.0
    path-parse: ^1.0.7
    supports-preserve-symlinks-flag: ^1.0.0
  bin:
    resolve: bin/resolve
  checksum: ad59734723b596d0891321c951592ed9015a77ce84907f89c9d9307dd0c06e11a67906a3e628c4cae143d3e44898603478af0ddeb2bba3f229a9373efe342665
  languageName: node
  linkType: hard

"supports-preserve-symlinks-flag@npm:^1.0.0":
  version: 1.0.0
  resolution: "supports-preserve-symlinks-flag@npm:1.0.0"
  checksum: 53b1e247e68e05db7b3808b99b892bd36fb096e6fba213a06da7fab22045e97597db425c724f2bbd6c99a3c295e1e73f3e4de78592289f38431049e1277ca0ae
  languageName: node
  linkType: hard

"to-fast-properties@npm:^2.0.0":
  version: 2.0.0
  resolution: "to-fast-properties@npm:2.0.0"
  checksum: be2de62fe58ead94e3e592680052683b1ec986c72d589e7b21e5697f8744cdbf48c266fa72f6c15932894c10187b5f54573a3bcf7da0bfd964d5caf23d436168
  languageName: node
  linkType: hard

"token-stream@npm:1.0.0":
  version: 1.0.0
  resolution: "token-stream@npm:1.0.0"
  checksum: e8adb56f31b813b6157130e7fc2fe14eb60e7cbf7b746e70e8293c7e55664d8e7ad5d93d7ae3aa4cad7fcb2b0aaf59dad6f2fd4ee0269204e55af5b05bc369e2
  languageName: node
  linkType: hard

"void-elements@npm:^3.1.0":
  version: 3.1.0
  resolution: "void-elements@npm:3.1.0"
  checksum: 0390f818107fa8fce55bb0a5c3f661056001c1d5a2a48c28d582d4d847347c2ab5b7f8272314cac58acf62345126b6b09bea623a185935f6b1c3bbce0dfd7f7f
  languageName: node
  linkType: hard

"with@npm:^7.0.0":
  version: 7.0.2
  resolution: "with@npm:7.0.2"
  dependencies:
    "@babel/parser": ^7.9.6
    "@babel/types": ^7.9.6
    assert-never: ^1.2.1
    babel-walk: 3.0.0-canary-5
  checksum: a00fe87b736e434bd8b9d3e62ddcd664bde7d3990a011a0f1bdeb499db0d6c28e6d2ef921dcc47650b8d436eee55459bcae8fab4ce1ed89f4926ddda407ab755
  languageName: node
  linkType: hard
